// !$*UTF8*$!
{
	archiveVersion = 1;
	classes = {
	};
	objectVersion = 56;
	objects = {

/* Begin PBXBuildFile section */
		68CED28B2C65C0220043266A /* AppDelegate.swift in Sources */ = {isa = PBXBuildFile; fileRef = 68CED28A2C65C0220043266A /* AppDelegate.swift */; };
		68CED28D2C65C0220043266A /* SceneDelegate.swift in Sources */ = {isa = PBXBuildFile; fileRef = 68CED28C2C65C0220043266A /* SceneDelegate.swift */; };
		68CED28F2C65C0220043266A /* SearchViewController.swift in Sources */ = {isa = PBXBuildFile; fileRef = 68CED28E2C65C0220043266A /* SearchViewController.swift */; };
		68CED2942C65C0230043266A /* Assets.xcassets in Resources */ = {isa = PBXBuildFile; fileRef = 68CED2932C65C0230043266A /* Assets.xcassets */; };
		68CED2972C65C0230043266A /* Base in Resources */ = {isa = PBXBuildFile; fileRef = 68CED2962C65C0230043266A /* Base */; };
		68CED2A02C65C0D60043266A /* SnapKit in Frameworks */ = {isa = PBXBuildFile; productRef = 68CED29F2C65C0D60043266A /* SnapKit */; };
		68CED2A32C65C0E60043266A /* RxCocoa in Frameworks */ = {isa = PBXBuildFile; productRef = 68CED2A22C65C0E60043266A /* RxCocoa */; };
		68CED2A52C65C0E60043266A /* RxSwift in Frameworks */ = {isa = PBXBuildFile; productRef = 68CED2A42C65C0E60043266A /* RxSwift */; };
		68CED2AA2C65C4E00043266A /* View+.swift in Sources */ = {isa = PBXBuildFile; fileRef = 68CED2A92C65C4E00043266A /* View+.swift */; };
		68CED2B22C65CB950043266A /* ViewRepresentable.swift in Sources */ = {isa = PBXBuildFile; fileRef = 68CED2B12C65CB950043266A /* ViewRepresentable.swift */; };
		68CED2B42C65D3770043266A /* SearchCell.swift in Sources */ = {isa = PBXBuildFile; fileRef = 68CED2B32C65D3770043266A /* SearchCell.swift */; };
		68CED2B82C65D5460043266A /* ReusableProtocol.swift in Sources */ = {isa = PBXBuildFile; fileRef = 68CED2B72C65D5460043266A /* ReusableProtocol.swift */; };
		68CED2BA2C65D64B0043266A /* SearchViewModel.swift in Sources */ = {isa = PBXBuildFile; fileRef = 68CED2B92C65D64B0043266A /* SearchViewModel.swift */; };
		68CED2BC2C65D65D0043266A /* SearchModel.swift in Sources */ = {isa = PBXBuildFile; fileRef = 68CED2BB2C65D65D0043266A /* SearchModel.swift */; };
		68CED2BF2C65DBDB0043266A /* NetworkManager.swift in Sources */ = {isa = PBXBuildFile; fileRef = 68CED2BE2C65DBDB0043266A /* NetworkManager.swift */; };
		68CED2C22C65FC8D0043266A /* Kingfisher in Frameworks */ = {isa = PBXBuildFile; productRef = 68CED2C12C65FC8D0043266A /* Kingfisher */; };
		68CED2C52C66090D0043266A /* DetailViewController.swift in Sources */ = {isa = PBXBuildFile; fileRef = 68CED2C42C66090D0043266A /* DetailViewController.swift */; };
		68CED2CA2C6726EF0043266A /* DetailView.swift in Sources */ = {isa = PBXBuildFile; fileRef = 68CED2C92C6726EF0043266A /* DetailView.swift */; };
		68CED2CE2C6743420043266A /* UIViewController+.swift in Sources */ = {isa = PBXBuildFile; fileRef = 68CED2CD2C6743420043266A /* UIViewController+.swift */; };
		68CED2D02C6750C10043266A /* UILabel+.swift in Sources */ = {isa = PBXBuildFile; fileRef = 68CED2CF2C6750C10043266A /* UILabel+.swift */; };
		68CED2D52C6775930043266A /* DetailViewModel.swift in Sources */ = {isa = PBXBuildFile; fileRef = 68CED2D42C6775930043266A /* DetailViewModel.swift */; };
		68CED2D72C6788E90043266A /* UIButton+.swift in Sources */ = {isa = PBXBuildFile; fileRef = 68CED2D62C6788E90043266A /* UIButton+.swift */; };
		68CED2DA2C678C7B0043266A /* AudioBookViewController.swift in Sources */ = {isa = PBXBuildFile; fileRef = 68CED2D92C678C7B0043266A /* AudioBookViewController.swift */; };
		68CED2E02C68AB1A0043266A /* RecentSearchesCell.swift in Sources */ = {isa = PBXBuildFile; fileRef = 68CED2DF2C68AB1A0043266A /* RecentSearchesCell.swift */; };
		68CED2EA2C69EBD50043266A /* Alamofire in Frameworks */ = {isa = PBXBuildFile; productRef = 68CED2E92C69EBD50043266A /* Alamofire */; };
		68CED2EC2C69EFC50043266A /* BaseViewModel.swift in Sources */ = {isa = PBXBuildFile; fileRef = 68CED2EB2C69EFC50043266A /* BaseViewModel.swift */; };
/* End PBXBuildFile section */

/* Begin PBXFileReference section */
		68CED2872C65C0220043266A /* YegriTunesSearchEX.app */ = {isa = PBXFileReference; explicitFileType = wrapper.application; includeInIndex = 0; path = YegriTunesSearchEX.app; sourceTree = BUILT_PRODUCTS_DIR; };
		68CED28A2C65C0220043266A /* AppDelegate.swift */ = {isa = PBXFileReference; lastKnownFileType = sourcecode.swift; path = AppDelegate.swift; sourceTree = "<group>"; };
		68CED28C2C65C0220043266A /* SceneDelegate.swift */ = {isa = PBXFileReference; lastKnownFileType = sourcecode.swift; path = SceneDelegate.swift; sourceTree = "<group>"; };
		68CED28E2C65C0220043266A /* SearchViewController.swift */ = {isa = PBXFileReference; lastKnownFileType = sourcecode.swift; path = SearchViewController.swift; sourceTree = "<group>"; };
		68CED2932C65C0230043266A /* Assets.xcassets */ = {isa = PBXFileReference; lastKnownFileType = folder.assetcatalog; path = Assets.xcassets; sourceTree = "<group>"; };
		68CED2962C65C0230043266A /* Base */ = {isa = PBXFileReference; lastKnownFileType = file.storyboard; name = Base; path = Base.lproj/LaunchScreen.storyboard; sourceTree = "<group>"; };
		68CED2982C65C0230043266A /* Info.plist */ = {isa = PBXFileReference; lastKnownFileType = text.plist.xml; path = Info.plist; sourceTree = "<group>"; };
		68CED2A92C65C4E00043266A /* View+.swift */ = {isa = PBXFileReference; lastKnownFileType = sourcecode.swift; path = "View+.swift"; sourceTree = "<group>"; };
		68CED2B12C65CB950043266A /* ViewRepresentable.swift */ = {isa = PBXFileReference; lastKnownFileType = sourcecode.swift; path = ViewRepresentable.swift; sourceTree = "<group>"; };
		68CED2B32C65D3770043266A /* SearchCell.swift */ = {isa = PBXFileReference; lastKnownFileType = sourcecode.swift; path = SearchCell.swift; sourceTree = "<group>"; };
		68CED2B72C65D5460043266A /* ReusableProtocol.swift */ = {isa = PBXFileReference; lastKnownFileType = sourcecode.swift; path = ReusableProtocol.swift; sourceTree = "<group>"; };
		68CED2B92C65D64B0043266A /* SearchViewModel.swift */ = {isa = PBXFileReference; lastKnownFileType = sourcecode.swift; path = SearchViewModel.swift; sourceTree = "<group>"; };
		68CED2BB2C65D65D0043266A /* SearchModel.swift */ = {isa = PBXFileReference; lastKnownFileType = sourcecode.swift; path = SearchModel.swift; sourceTree = "<group>"; };
		68CED2BE2C65DBDB0043266A /* NetworkManager.swift */ = {isa = PBXFileReference; lastKnownFileType = sourcecode.swift; path = NetworkManager.swift; sourceTree = "<group>"; };
		68CED2C42C66090D0043266A /* DetailViewController.swift */ = {isa = PBXFileReference; lastKnownFileType = sourcecode.swift; path = DetailViewController.swift; sourceTree = "<group>"; };
		68CED2C92C6726EF0043266A /* DetailView.swift */ = {isa = PBXFileReference; lastKnownFileType = sourcecode.swift; path = DetailView.swift; sourceTree = "<group>"; };
		68CED2CD2C6743420043266A /* UIViewController+.swift */ = {isa = PBXFileReference; lastKnownFileType = sourcecode.swift; path = "UIViewController+.swift"; sourceTree = "<group>"; };
		68CED2CF2C6750C10043266A /* UILabel+.swift */ = {isa = PBXFileReference; lastKnownFileType = sourcecode.swift; path = "UILabel+.swift"; sourceTree = "<group>"; };
		68CED2D42C6775930043266A /* DetailViewModel.swift */ = {isa = PBXFileReference; lastKnownFileType = sourcecode.swift; path = DetailViewModel.swift; sourceTree = "<group>"; };
		68CED2D62C6788E90043266A /* UIButton+.swift */ = {isa = PBXFileReference; lastKnownFileType = sourcecode.swift; path = "UIButton+.swift"; sourceTree = "<group>"; };
		68CED2D92C678C7B0043266A /* AudioBookViewController.swift */ = {isa = PBXFileReference; lastKnownFileType = sourcecode.swift; path = AudioBookViewController.swift; sourceTree = "<group>"; };
		68CED2DF2C68AB1A0043266A /* RecentSearchesCell.swift */ = {isa = PBXFileReference; lastKnownFileType = sourcecode.swift; path = RecentSearchesCell.swift; sourceTree = "<group>"; };
		68CED2EB2C69EFC50043266A /* BaseViewModel.swift */ = {isa = PBXFileReference; lastKnownFileType = sourcecode.swift; path = BaseViewModel.swift; sourceTree = "<group>"; };
/* End PBXFileReference section */

/* Begin PBXFrameworksBuildPhase section */
		68CED2842C65C0220043266A /* Frameworks */ = {
			isa = PBXFrameworksBuildPhase;
			buildActionMask = 2147483647;
			files = (
				68CED2EA2C69EBD50043266A /* Alamofire in Frameworks */,
				68CED2C22C65FC8D0043266A /* Kingfisher in Frameworks */,
				68CED2A52C65C0E60043266A /* RxSwift in Frameworks */,
				68CED2A32C65C0E60043266A /* RxCocoa in Frameworks */,
				68CED2A02C65C0D60043266A /* SnapKit in Frameworks */,
			);
			runOnlyForDeploymentPostprocessing = 0;
		};
/* End PBXFrameworksBuildPhase section */

/* Begin PBXGroup section */
		68CED27E2C65C0220043266A = {
			isa = PBXGroup;
			children = (
				68CED2892C65C0220043266A /* YegriTunesSearchEX */,
				68CED2882C65C0220043266A /* Products */,
			);
			sourceTree = "<group>";
		};
		68CED2882C65C0220043266A /* Products */ = {
			isa = PBXGroup;
			children = (
				68CED2872C65C0220043266A /* YegriTunesSearchEX.app */,
			);
			name = Products;
			sourceTree = "<group>";
		};
		68CED2892C65C0220043266A /* YegriTunesSearchEX */ = {
			isa = PBXGroup;
			children = (
				68CED28A2C65C0220043266A /* AppDelegate.swift */,
				68CED28C2C65C0220043266A /* SceneDelegate.swift */,
				68CED2AB2C65C8D80043266A /* Resources */,
				68CED2AC2C65C9130043266A /* Sources */,
				68CED2982C65C0230043266A /* Info.plist */,
			);
			path = YegriTunesSearchEX;
			sourceTree = "<group>";
		};
		68CED2A82C65C4BD0043266A /* Extension */ = {
			isa = PBXGroup;
			children = (
				68CED2A92C65C4E00043266A /* View+.swift */,
				68CED2CD2C6743420043266A /* UIViewController+.swift */,
				68CED2CF2C6750C10043266A /* UILabel+.swift */,
				68CED2D62C6788E90043266A /* UIButton+.swift */,
			);
			path = Extension;
			sourceTree = "<group>";
		};
		68CED2AB2C65C8D80043266A /* Resources */ = {
			isa = PBXGroup;
			children = (
				68CED2932C65C0230043266A /* Assets.xcassets */,
				68CED2952C65C0230043266A /* LaunchScreen.storyboard */,
			);
			path = Resources;
			sourceTree = "<group>";
		};
		68CED2AC2C65C9130043266A /* Sources */ = {
			isa = PBXGroup;
			children = (
				68CED2BD2C65DBCA0043266A /* Network */,
				68CED2AE2C65CB6F0043266A /* Protocol */,
				68CED2A82C65C4BD0043266A /* Extension */,
				68CED2AD2C65C98F0043266A /* Search */,
				68CED2C32C6608F70043266A /* Detail */,
				68CED2D82C6789A40043266A /* AudioBook */,
			);
			path = Sources;
			sourceTree = "<group>";
		};
		68CED2AD2C65C98F0043266A /* Search */ = {
			isa = PBXGroup;
			children = (
				68CED2E22C68AE0C0043266A /* Model */,
				68CED28E2C65C0220043266A /* SearchViewController.swift */,
				68CED2B32C65D3770043266A /* SearchCell.swift */,
				68CED2B92C65D64B0043266A /* SearchViewModel.swift */,
				68CED2E12C68AC680043266A /* RecentSearches */,
			);
			path = Search;
			sourceTree = "<group>";
		};
		68CED2AE2C65CB6F0043266A /* Protocol */ = {
			isa = PBXGroup;
			children = (
				68CED2B12C65CB950043266A /* ViewRepresentable.swift */,
				68CED2B72C65D5460043266A /* ReusableProtocol.swift */,
				68CED2EB2C69EFC50043266A /* BaseViewModel.swift */,
			);
			path = Protocol;
			sourceTree = "<group>";
		};
		68CED2BD2C65DBCA0043266A /* Network */ = {
			isa = PBXGroup;
			children = (
				68CED2BE2C65DBDB0043266A /* NetworkManager.swift */,
			);
			path = Network;
			sourceTree = "<group>";
		};
		68CED2C32C6608F70043266A /* Detail */ = {
			isa = PBXGroup;
			children = (
				68CED2C42C66090D0043266A /* DetailViewController.swift */,
				68CED2C92C6726EF0043266A /* DetailView.swift */,
				68CED2D42C6775930043266A /* DetailViewModel.swift */,
			);
			path = Detail;
			sourceTree = "<group>";
		};
		68CED2D82C6789A40043266A /* AudioBook */ = {
			isa = PBXGroup;
			children = (
				68CED2D92C678C7B0043266A /* AudioBookViewController.swift */,
			);
			path = AudioBook;
			sourceTree = "<group>";
		};
		68CED2E12C68AC680043266A /* RecentSearches */ = {
			isa = PBXGroup;
			children = (
				68CED2DF2C68AB1A0043266A /* RecentSearchesCell.swift */,
			);
			path = RecentSearches;
			sourceTree = "<group>";
		};
		68CED2E22C68AE0C0043266A /* Model */ = {
			isa = PBXGroup;
			children = (
				68CED2BB2C65D65D0043266A /* SearchModel.swift */,
			);
			path = Model;
			sourceTree = "<group>";
		};
/* End PBXGroup section */

/* Begin PBXNativeTarget section */
		68CED2862C65C0220043266A /* YegriTunesSearchEX */ = {
			isa = PBXNativeTarget;
			buildConfigurationList = 68CED29B2C65C0230043266A /* Build configuration list for PBXNativeTarget "YegriTunesSearchEX" */;
			buildPhases = (
				68CED2832C65C0220043266A /* Sources */,
				68CED2842C65C0220043266A /* Frameworks */,
				68CED2852C65C0220043266A /* Resources */,
			);
			buildRules = (
			);
			dependencies = (
			);
			name = YegriTunesSearchEX;
			packageProductDependencies = (
				68CED29F2C65C0D60043266A /* SnapKit */,
				68CED2A22C65C0E60043266A /* RxCocoa */,
				68CED2A42C65C0E60043266A /* RxSwift */,
				68CED2C12C65FC8D0043266A /* Kingfisher */,
				68CED2E92C69EBD50043266A /* Alamofire */,
			);
			productName = YegriTunesSearchEX;
			productReference = 68CED2872C65C0220043266A /* YegriTunesSearchEX.app */;
			productType = "com.apple.product-type.application";
		};
/* End PBXNativeTarget section */

/* Begin PBXProject section */
		68CED27F2C65C0220043266A /* Project object */ = {
			isa = PBXProject;
			attributes = {
				BuildIndependentTargetsInParallel = 1;
				LastSwiftUpdateCheck = 1540;
				LastUpgradeCheck = 1540;
				TargetAttributes = {
					68CED2862C65C0220043266A = {
						CreatedOnToolsVersion = 15.4;
					};
				};
			};
			buildConfigurationList = 68CED2822C65C0220043266A /* Build configuration list for PBXProject "YegriTunesSearchEX" */;
			compatibilityVersion = "Xcode 14.0";
			developmentRegion = en;
			hasScannedForEncodings = 0;
			knownRegions = (
				en,
				Base,
			);
			mainGroup = 68CED27E2C65C0220043266A;
			packageReferences = (
				68CED29E2C65C0D60043266A /* XCRemoteSwiftPackageReference "SnapKit" */,
				68CED2A12C65C0E60043266A /* XCRemoteSwiftPackageReference "RxSwift" */,
				68CED2C02C65FC8D0043266A /* XCRemoteSwiftPackageReference "Kingfisher" */,
				68CED2E82C69EBD50043266A /* XCRemoteSwiftPackageReference "Alamofire" */,
			);
			productRefGroup = 68CED2882C65C0220043266A /* Products */;
			projectDirPath = "";
			projectRoot = "";
			targets = (
				68CED2862C65C0220043266A /* YegriTunesSearchEX */,
			);
		};
/* End PBXProject section */

/* Begin PBXResourcesBuildPhase section */
		68CED2852C65C0220043266A /* Resources */ = {
			isa = PBXResourcesBuildPhase;
			buildActionMask = 2147483647;
			files = (
				68CED2942C65C0230043266A /* Assets.xcassets in Resources */,
				68CED2972C65C0230043266A /* Base in Resources */,
			);
			runOnlyForDeploymentPostprocessing = 0;
		};
/* End PBXResourcesBuildPhase section */

/* Begin PBXSourcesBuildPhase section */
		68CED2832C65C0220043266A /* Sources */ = {
			isa = PBXSourcesBuildPhase;
			buildActionMask = 2147483647;
			files = (
				68CED2CE2C6743420043266A /* UIViewController+.swift in Sources */,
				68CED2C52C66090D0043266A /* DetailViewController.swift in Sources */,
				68CED2CA2C6726EF0043266A /* DetailView.swift in Sources */,
				68CED2DA2C678C7B0043266A /* AudioBookViewController.swift in Sources */,
				68CED2AA2C65C4E00043266A /* View+.swift in Sources */,
				68CED2B82C65D5460043266A /* ReusableProtocol.swift in Sources */,
				68CED2E02C68AB1A0043266A /* RecentSearchesCell.swift in Sources */,
				68CED2BF2C65DBDB0043266A /* NetworkManager.swift in Sources */,
				68CED2BA2C65D64B0043266A /* SearchViewModel.swift in Sources */,
				68CED2BC2C65D65D0043266A /* SearchModel.swift in Sources */,
				68CED2B42C65D3770043266A /* SearchCell.swift in Sources */,
				68CED28F2C65C0220043266A /* SearchViewController.swift in Sources */,
				68CED28B2C65C0220043266A /* AppDelegate.swift in Sources */,
				68CED2D02C6750C10043266A /* UILabel+.swift in Sources */,
				68CED2EC2C69EFC50043266A /* BaseViewModel.swift in Sources */,
				68CED28D2C65C0220043266A /* SceneDelegate.swift in Sources */,
				68CED2D52C6775930043266A /* DetailViewModel.swift in Sources */,
				68CED2B22C65CB950043266A /* ViewRepresentable.swift in Sources */,
				68CED2D72C6788E90043266A /* UIButton+.swift in Sources */,
			);
			runOnlyForDeploymentPostprocessing = 0;
		};
/* End PBXSourcesBuildPhase section */

/* Begin PBXVariantGroup section */
		68CED2952C65C0230043266A /* LaunchScreen.storyboard */ = {
			isa = PBXVariantGroup;
			children = (
				68CED2962C65C0230043266A /* Base */,
			);
			name = LaunchScreen.storyboard;
			sourceTree = "<group>";
		};
/* End PBXVariantGroup section */

/* Begin XCBuildConfiguration section */
		68CED2992C65C0230043266A /* Debug */ = {
			isa = XCBuildConfiguration;
			buildSettings = {
				ALWAYS_SEARCH_USER_PATHS = NO;
				ASSETCATALOG_COMPILER_GENERATE_SWIFT_ASSET_SYMBOL_EXTENSIONS = YES;
				CLANG_ANALYZER_NONNULL = YES;
				CLANG_ANALYZER_NUMBER_OBJECT_CONVERSION = YES_AGGRESSIVE;
				CLANG_CXX_LANGUAGE_STANDARD = "gnu++20";
				CLANG_ENABLE_MODULES = YES;
				CLANG_ENABLE_OBJC_ARC = YES;
				CLANG_ENABLE_OBJC_WEAK = YES;
				CLANG_WARN_BLOCK_CAPTURE_AUTORELEASING = YES;
				CLANG_WARN_BOOL_CONVERSION = YES;
				CLANG_WARN_COMMA = YES;
				CLANG_WARN_CONSTANT_CONVERSION = YES;
				CLANG_WARN_DEPRECATED_OBJC_IMPLEMENTATIONS = YES;
				CLANG_WARN_DIRECT_OBJC_ISA_USAGE = YES_ERROR;
				CLANG_WARN_DOCUMENTATION_COMMENTS = YES;
				CLANG_WARN_EMPTY_BODY = YES;
				CLANG_WARN_ENUM_CONVERSION = YES;
				CLANG_WARN_INFINITE_RECURSION = YES;
				CLANG_WARN_INT_CONVERSION = YES;
				CLANG_WARN_NON_LITERAL_NULL_CONVERSION = YES;
				CLANG_WARN_OBJC_IMPLICIT_RETAIN_SELF = YES;
				CLANG_WARN_OBJC_LITERAL_CONVERSION = YES;
				CLANG_WARN_OBJC_ROOT_CLASS = YES_ERROR;
				CLANG_WARN_QUOTED_INCLUDE_IN_FRAMEWORK_HEADER = YES;
				CLANG_WARN_RANGE_LOOP_ANALYSIS = YES;
				CLANG_WARN_STRICT_PROTOTYPES = YES;
				CLANG_WARN_SUSPICIOUS_MOVE = YES;
				CLANG_WARN_UNGUARDED_AVAILABILITY = YES_AGGRESSIVE;
				CLANG_WARN_UNREACHABLE_CODE = YES;
				CLANG_WARN__DUPLICATE_METHOD_MATCH = YES;
				COPY_PHASE_STRIP = NO;
				DEBUG_INFORMATION_FORMAT = dwarf;
				ENABLE_STRICT_OBJC_MSGSEND = YES;
				ENABLE_TESTABILITY = YES;
				ENABLE_USER_SCRIPT_SANDBOXING = YES;
				GCC_C_LANGUAGE_STANDARD = gnu17;
				GCC_DYNAMIC_NO_PIC = NO;
				GCC_NO_COMMON_BLOCKS = YES;
				GCC_OPTIMIZATION_LEVEL = 0;
				GCC_PREPROCESSOR_DEFINITIONS = (
					"DEBUG=1",
					"$(inherited)",
				);
				GCC_WARN_64_TO_32_BIT_CONVERSION = YES;
				GCC_WARN_ABOUT_RETURN_TYPE = YES_ERROR;
				GCC_WARN_UNDECLARED_SELECTOR = YES;
				GCC_WARN_UNINITIALIZED_AUTOS = YES_AGGRESSIVE;
				GCC_WARN_UNUSED_FUNCTION = YES;
				GCC_WARN_UNUSED_VARIABLE = YES;
				IPHONEOS_DEPLOYMENT_TARGET = 17.5;
				LOCALIZATION_PREFERS_STRING_CATALOGS = YES;
				MTL_ENABLE_DEBUG_INFO = INCLUDE_SOURCE;
				MTL_FAST_MATH = YES;
				ONLY_ACTIVE_ARCH = YES;
				SDKROOT = iphoneos;
				SWIFT_ACTIVE_COMPILATION_CONDITIONS = "DEBUG $(inherited)";
				SWIFT_OPTIMIZATION_LEVEL = "-Onone";
			};
			name = Debug;
		};
		68CED29A2C65C0230043266A /* Release */ = {
			isa = XCBuildConfiguration;
			buildSettings = {
				ALWAYS_SEARCH_USER_PATHS = NO;
				ASSETCATALOG_COMPILER_GENERATE_SWIFT_ASSET_SYMBOL_EXTENSIONS = YES;
				CLANG_ANALYZER_NONNULL = YES;
				CLANG_ANALYZER_NUMBER_OBJECT_CONVERSION = YES_AGGRESSIVE;
				CLANG_CXX_LANGUAGE_STANDARD = "gnu++20";
				CLANG_ENABLE_MODULES = YES;
				CLANG_ENABLE_OBJC_ARC = YES;
				CLANG_ENABLE_OBJC_WEAK = YES;
				CLANG_WARN_BLOCK_CAPTURE_AUTORELEASING = YES;
				CLANG_WARN_BOOL_CONVERSION = YES;
				CLANG_WARN_COMMA = YES;
				CLANG_WARN_CONSTANT_CONVERSION = YES;
				CLANG_WARN_DEPRECATED_OBJC_IMPLEMENTATIONS = YES;
				CLANG_WARN_DIRECT_OBJC_ISA_USAGE = YES_ERROR;
				CLANG_WARN_DOCUMENTATION_COMMENTS = YES;
				CLANG_WARN_EMPTY_BODY = YES;
				CLANG_WARN_ENUM_CONVERSION = YES;
				CLANG_WARN_INFINITE_RECURSION = YES;
				CLANG_WARN_INT_CONVERSION = YES;
				CLANG_WARN_NON_LITERAL_NULL_CONVERSION = YES;
				CLANG_WARN_OBJC_IMPLICIT_RETAIN_SELF = YES;
				CLANG_WARN_OBJC_LITERAL_CONVERSION = YES;
				CLANG_WARN_OBJC_ROOT_CLASS = YES_ERROR;
				CLANG_WARN_QUOTED_INCLUDE_IN_FRAMEWORK_HEADER = YES;
				CLANG_WARN_RANGE_LOOP_ANALYSIS = YES;
				CLANG_WARN_STRICT_PROTOTYPES = YES;
				CLANG_WARN_SUSPICIOUS_MOVE = YES;
				CLANG_WARN_UNGUARDED_AVAILABILITY = YES_AGGRESSIVE;
				CLANG_WARN_UNREACHABLE_CODE = YES;
				CLANG_WARN__DUPLICATE_METHOD_MATCH = YES;
				COPY_PHASE_STRIP = NO;
				DEBUG_INFORMATION_FORMAT = "dwarf-with-dsym";
				ENABLE_NS_ASSERTIONS = NO;
				ENABLE_STRICT_OBJC_MSGSEND = YES;
				ENABLE_USER_SCRIPT_SANDBOXING = YES;
				GCC_C_LANGUAGE_STANDARD = gnu17;
				GCC_NO_COMMON_BLOCKS = YES;
				GCC_WARN_64_TO_32_BIT_CONVERSION = YES;
				GCC_WARN_ABOUT_RETURN_TYPE = YES_ERROR;
				GCC_WARN_UNDECLARED_SELECTOR = YES;
				GCC_WARN_UNINITIALIZED_AUTOS = YES_AGGRESSIVE;
				GCC_WARN_UNUSED_FUNCTION = YES;
				GCC_WARN_UNUSED_VARIABLE = YES;
				IPHONEOS_DEPLOYMENT_TARGET = 17.5;
				LOCALIZATION_PREFERS_STRING_CATALOGS = YES;
				MTL_ENABLE_DEBUG_INFO = NO;
				MTL_FAST_MATH = YES;
				SDKROOT = iphoneos;
				SWIFT_COMPILATION_MODE = wholemodule;
				VALIDATE_PRODUCT = YES;
			};
			name = Release;
		};
		68CED29C2C65C0230043266A /* Debug */ = {
			isa = XCBuildConfiguration;
			buildSettings = {
				ASSETCATALOG_COMPILER_APPICON_NAME = AppIcon;
				ASSETCATALOG_COMPILER_GLOBAL_ACCENT_COLOR_NAME = AccentColor;
				CODE_SIGN_STYLE = Automatic;
				CURRENT_PROJECT_VERSION = 1;
				GENERATE_INFOPLIST_FILE = YES;
				INFOPLIST_FILE = YegriTunesSearchEX/Info.plist;
				INFOPLIST_KEY_UIApplicationSupportsIndirectInputEvents = YES;
				INFOPLIST_KEY_UILaunchStoryboardName = LaunchScreen;
				INFOPLIST_KEY_UISupportedInterfaceOrientations = UIInterfaceOrientationPortrait;
				INFOPLIST_KEY_UISupportedInterfaceOrientations_iPad = UIInterfaceOrientationPortrait;
				IPHONEOS_DEPLOYMENT_TARGET = 16.0;
				LD_RUNPATH_SEARCH_PATHS = (
					"$(inherited)",
					"@executable_path/Frameworks",
				);
				MARKETING_VERSION = 1.0;
				PRODUCT_BUNDLE_IDENTIFIER = YJ.YegriTunesSearchEX;
				PRODUCT_NAME = "$(TARGET_NAME)";
				SUPPORTED_PLATFORMS = "iphoneos iphonesimulator";
				SUPPORTS_MACCATALYST = NO;
				SUPPORTS_MAC_DESIGNED_FOR_IPHONE_IPAD = NO;
				SUPPORTS_XR_DESIGNED_FOR_IPHONE_IPAD = NO;
				SWIFT_EMIT_LOC_STRINGS = YES;
				SWIFT_VERSION = 5.0;
				TARGETED_DEVICE_FAMILY = 1;
			};
			name = Debug;
		};
		68CED29D2C65C0230043266A /* Release */ = {
			isa = XCBuildConfiguration;
			buildSettings = {
				ASSETCATALOG_COMPILER_APPICON_NAME = AppIcon;
				ASSETCATALOG_COMPILER_GLOBAL_ACCENT_COLOR_NAME = AccentColor;
				CODE_SIGN_STYLE = Automatic;
				CURRENT_PROJECT_VERSION = 1;
				GENERATE_INFOPLIST_FILE = YES;
				INFOPLIST_FILE = YegriTunesSearchEX/Info.plist;
				INFOPLIST_KEY_UIApplicationSupportsIndirectInputEvents = YES;
				INFOPLIST_KEY_UILaunchStoryboardName = LaunchScreen;
				INFOPLIST_KEY_UISupportedInterfaceOrientations = UIInterfaceOrientationPortrait;
				INFOPLIST_KEY_UISupportedInterfaceOrientations_iPad = UIInterfaceOrientationPortrait;
				IPHONEOS_DEPLOYMENT_TARGET = 16.0;
				LD_RUNPATH_SEARCH_PATHS = (
					"$(inherited)",
					"@executable_path/Frameworks",
				);
				MARKETING_VERSION = 1.0;
				PRODUCT_BUNDLE_IDENTIFIER = YJ.YegriTunesSearchEX;
				PRODUCT_NAME = "$(TARGET_NAME)";
				SUPPORTED_PLATFORMS = "iphoneos iphonesimulator";
				SUPPORTS_MACCATALYST = NO;
				SUPPORTS_MAC_DESIGNED_FOR_IPHONE_IPAD = NO;
				SUPPORTS_XR_DESIGNED_FOR_IPHONE_IPAD = NO;
				SWIFT_EMIT_LOC_STRINGS = YES;
				SWIFT_VERSION = 5.0;
				TARGETED_DEVICE_FAMILY = 1;
			};
			name = Release;
		};
/* End XCBuildConfiguration section */

/* Begin XCConfigurationList section */
		68CED2822C65C0220043266A /* Build configuration list for PBXProject "YegriTunesSearchEX" */ = {
			isa = XCConfigurationList;
			buildConfigurations = (
				68CED2992C65C0230043266A /* Debug */,
				68CED29A2C65C0230043266A /* Release */,
			);
			defaultConfigurationIsVisible = 0;
			defaultConfigurationName = Release;
		};
		68CED29B2C65C0230043266A /* Build configuration list for PBXNativeTarget "YegriTunesSearchEX" */ = {
			isa = XCConfigurationList;
			buildConfigurations = (
				68CED29C2C65C0230043266A /* Debug */,
				68CED29D2C65C0230043266A /* Release */,
			);
			defaultConfigurationIsVisible = 0;
			defaultConfigurationName = Release;
		};
/* End XCConfigurationList section */

/* Begin XCRemoteSwiftPackageReference section */
		68CED29E2C65C0D60043266A /* XCRemoteSwiftPackageReference "SnapKit" */ = {
			isa = XCRemoteSwiftPackageReference;
			repositoryURL = "https://github.com/SnapKit/SnapKit.git";
			requirement = {
				kind = upToNextMajorVersion;
				minimumVersion = 5.7.1;
			};
		};
		68CED2A12C65C0E60043266A /* XCRemoteSwiftPackageReference "RxSwift" */ = {
			isa = XCRemoteSwiftPackageReference;
			repositoryURL = "https://github.com/ReactiveX/RxSwift.git";
			requirement = {
				kind = upToNextMajorVersion;
				minimumVersion = 6.7.1;
			};
		};
		68CED2C02C65FC8D0043266A /* XCRemoteSwiftPackageReference "Kingfisher" */ = {
			isa = XCRemoteSwiftPackageReference;
			repositoryURL = "https://github.com/onevcat/Kingfisher.git";
			requirement = {
				kind = upToNextMajorVersion;
				minimumVersion = 7.12.0;
			};
		};
		68CED2E82C69EBD50043266A /* XCRemoteSwiftPackageReference "Alamofire" */ = {
			isa = XCRemoteSwiftPackageReference;
			repositoryURL = "https://github.com/Alamofire/Alamofire.git";
			requirement = {
				kind = upToNextMajorVersion;
				minimumVersion = 5.9.1;
			};
		};
/* End XCRemoteSwiftPackageReference section */

/* Begin XCSwiftPackageProductDependency section */
		68CED29F2C65C0D60043266A /* SnapKit */ = {
			isa = XCSwiftPackageProductDependency;
			package = 68CED29E2C65C0D60043266A /* XCRemoteSwiftPackageReference "SnapKit" */;
			productName = SnapKit;
		};
		68CED2A22C65C0E60043266A /* RxCocoa */ = {
			isa = XCSwiftPackageProductDependency;
			package = 68CED2A12C65C0E60043266A /* XCRemoteSwiftPackageReference "RxSwift" */;
			productName = RxCocoa;
		};
		68CED2A42C65C0E60043266A /* RxSwift */ = {
			isa = XCSwiftPackageProductDependency;
			package = 68CED2A12C65C0E60043266A /* XCRemoteSwiftPackageReference "RxSwift" */;
			productName = RxSwift;
		};
		68CED2C12C65FC8D0043266A /* Kingfisher */ = {
			isa = XCSwiftPackageProductDependency;
			package = 68CED2C02C65FC8D0043266A /* XCRemoteSwiftPackageReference "Kingfisher" */;
			productName = Kingfisher;
		};
		68CED2E92C69EBD50043266A /* Alamofire */ = {
			isa = XCSwiftPackageProductDependency;
			package = 68CED2E82C69EBD50043266A /* XCRemoteSwiftPackageReference "Alamofire" */;
			productName = Alamofire;
		};
/* End XCSwiftPackageProductDependency section */
	};
	rootObject = 68CED27F2C65C0220043266A /* Project object */;
}
